// !$*UTF8*$!
{
	archiveVersion = 1;
	classes = {
	};
	objectVersion = 50;
	objects = {

/* Begin PBXBuildFile section */
		AC6958C2222B6983000AE356 /* AppDelegate.swift in Sources */ = {isa = PBXBuildFile; fileRef = AC6958C1222B6983000AE356 /* AppDelegate.swift */; };
		AC6958C4222B6983000AE356 /* ViewController.swift in Sources */ = {isa = PBXBuildFile; fileRef = AC6958C3222B6983000AE356 /* ViewController.swift */; };
		AC6958C7222B6983000AE356 /* Main.storyboard in Resources */ = {isa = PBXBuildFile; fileRef = AC6958C5222B6983000AE356 /* Main.storyboard */; };
		AC6958C9222B6985000AE356 /* Assets.xcassets in Resources */ = {isa = PBXBuildFile; fileRef = AC6958C8222B6985000AE356 /* Assets.xcassets */; };
		AC6958CC222B6985000AE356 /* LaunchScreen.storyboard in Resources */ = {isa = PBXBuildFile; fileRef = AC6958CA222B6985000AE356 /* LaunchScreen.storyboard */; };
		AC6958D7222B6985000AE356 /* FullHorizontalScrollTests.swift in Sources */ = {isa = PBXBuildFile; fileRef = AC6958D6222B6985000AE356 /* FullHorizontalScrollTests.swift */; };
		AC6958E2222B6985000AE356 /* FullHorizontalScrollUITests.swift in Sources */ = {isa = PBXBuildFile; fileRef = AC6958E1222B6985000AE356 /* FullHorizontalScrollUITests.swift */; };
/* End PBXBuildFile section */

/* Begin PBXContainerItemProxy section */
		AC6958D3222B6985000AE356 /* PBXContainerItemProxy */ = {
			isa = PBXContainerItemProxy;
			containerPortal = AC6958B6222B6983000AE356 /* Project object */;
			proxyType = 1;
			remoteGlobalIDString = AC6958BD222B6983000AE356;
			remoteInfo = FullHorizontalScroll;
		};
		AC6958DE222B6985000AE356 /* PBXContainerItemProxy */ = {
			isa = PBXContainerItemProxy;
			containerPortal = AC6958B6222B6983000AE356 /* Project object */;
			proxyType = 1;
			remoteGlobalIDString = AC6958BD222B6983000AE356;
			remoteInfo = FullHorizontalScroll;
		};
/* End PBXContainerItemProxy section */

/* Begin PBXFileReference section */
		AC6958BE222B6983000AE356 /* FullHorizontalScroll.app */ = {isa = PBXFileReference; explicitFileType = wrapper.application; includeInIndex = 0; path = FullHorizontalScroll.app; sourceTree = BUILT_PRODUCTS_DIR; };
		AC6958C1222B6983000AE356 /* AppDelegate.swift */ = {isa = PBXFileReference; lastKnownFileType = sourcecode.swift; path = AppDelegate.swift; sourceTree = "<group>"; };
		AC6958C3222B6983000AE356 /* ViewController.swift */ = {isa = PBXFileReference; lastKnownFileType = sourcecode.swift; path = ViewController.swift; sourceTree = "<group>"; };
		AC6958C6222B6983000AE356 /* Base */ = {isa = PBXFileReference; lastKnownFileType = file.storyboard; name = Base; path = Base.lproj/Main.storyboard; sourceTree = "<group>"; };
		AC6958C8222B6985000AE356 /* Assets.xcassets */ = {isa = PBXFileReference; lastKnownFileType = folder.assetcatalog; path = Assets.xcassets; sourceTree = "<group>"; };
		AC6958CB222B6985000AE356 /* Base */ = {isa = PBXFileReference; lastKnownFileType = file.storyboard; name = Base; path = Base.lproj/LaunchScreen.storyboard; sourceTree = "<group>"; };
		AC6958CD222B6985000AE356 /* Info.plist */ = {isa = PBXFileReference; lastKnownFileType = text.plist.xml; path = Info.plist; sourceTree = "<group>"; };
		AC6958D2222B6985000AE356 /* FullHorizontalScrollTests.xctest */ = {isa = PBXFileReference; explicitFileType = wrapper.cfbundle; includeInIndex = 0; path = FullHorizontalScrollTests.xctest; sourceTree = BUILT_PRODUCTS_DIR; };
		AC6958D6222B6985000AE356 /* FullHorizontalScrollTests.swift */ = {isa = PBXFileReference; lastKnownFileType = sourcecode.swift; path = FullHorizontalScrollTests.swift; sourceTree = "<group>"; };
		AC6958D8222B6985000AE356 /* Info.plist */ = {isa = PBXFileReference; lastKnownFileType = text.plist.xml; path = Info.plist; sourceTree = "<group>"; };
		AC6958DD222B6985000AE356 /* FullHorizontalScrollUITests.xctest */ = {isa = PBXFileReference; explicitFileType = wrapper.cfbundle; includeInIndex = 0; path = FullHorizontalScrollUITests.xctest; sourceTree = BUILT_PRODUCTS_DIR; };
		AC6958E1222B6985000AE356 /* FullHorizontalScrollUITests.swift */ = {isa = PBXFileReference; lastKnownFileType = sourcecode.swift; path = FullHorizontalScrollUITests.swift; sourceTree = "<group>"; };
		AC6958E3222B6985000AE356 /* Info.plist */ = {isa = PBXFileReference; lastKnownFileType = text.plist.xml; path = Info.plist; sourceTree = "<group>"; };
/* End PBXFileReference section */

/* Begin PBXFrameworksBuildPhase section */
		AC6958BB222B6983000AE356 /* Frameworks */ = {
			isa = PBXFrameworksBuildPhase;
			buildActionMask = 2147483647;
			files = (
			);
			runOnlyForDeploymentPostprocessing = 0;
		};
		AC6958CF222B6985000AE356 /* Frameworks */ = {
			isa = PBXFrameworksBuildPhase;
			buildActionMask = 2147483647;
			files = (
			);
			runOnlyForDeploymentPostprocessing = 0;
		};
		AC6958DA222B6985000AE356 /* Frameworks */ = {
			isa = PBXFrameworksBuildPhase;
			buildActionMask = 2147483647;
			files = (
			);
			runOnlyForDeploymentPostprocessing = 0;
		};
/* End PBXFrameworksBuildPhase section */

/* Begin PBXGroup section */
		AC6958B5222B6983000AE356 = {
			isa = PBXGroup;
			children = (
				AC6958C0222B6983000AE356 /* FullHorizontalScroll */,
				AC6958D5222B6985000AE356 /* FullHorizontalScrollTests */,
				AC6958E0222B6985000AE356 /* FullHorizontalScrollUITests */,
				AC6958BF222B6983000AE356 /* Products */,
			);
			sourceTree = "<group>";
		};
		AC6958BF222B6983000AE356 /* Products */ = {
			isa = PBXGroup;
			children = (
				AC6958BE222B6983000AE356 /* FullHorizontalScroll.app */,
				AC6958D2222B6985000AE356 /* FullHorizontalScrollTests.xctest */,
				AC6958DD222B6985000AE356 /* FullHorizontalScrollUITests.xctest */,
			);
			name = Products;
			sourceTree = "<group>";
		};
		AC6958C0222B6983000AE356 /* FullHorizontalScroll */ = {
			isa = PBXGroup;
			children = (
				AC6958C1222B6983000AE356 /* AppDelegate.swift */,
				AC6958C3222B6983000AE356 /* ViewController.swift */,
				AC6958C5222B6983000AE356 /* Main.storyboard */,
				AC6958C8222B6985000AE356 /* Assets.xcassets */,
				AC6958CA222B6985000AE356 /* LaunchScreen.storyboard */,
				AC6958CD222B6985000AE356 /* Info.plist */,
			);
			path = FullHorizontalScroll;
			sourceTree = "<group>";
		};
		AC6958D5222B6985000AE356 /* FullHorizontalScrollTests */ = {
			isa = PBXGroup;
			children = (
				AC6958D6222B6985000AE356 /* FullHorizontalScrollTests.swift */,
				AC6958D8222B6985000AE356 /* Info.plist */,
			);
			path = FullHorizontalScrollTests;
			sourceTree = "<group>";
		};
		AC6958E0222B6985000AE356 /* FullHorizontalScrollUITests */ = {
			isa = PBXGroup;
			children = (
				AC6958E1222B6985000AE356 /* FullHorizontalScrollUITests.swift */,
				AC6958E3222B6985000AE356 /* Info.plist */,
			);
			path = FullHorizontalScrollUITests;
			sourceTree = "<group>";
		};
/* End PBXGroup section */

/* Begin PBXNativeTarget section */
		AC6958BD222B6983000AE356 /* FullHorizontalScroll */ = {
			isa = PBXNativeTarget;
			buildConfigurationList = AC6958E6222B6985000AE356 /* Build configuration list for PBXNativeTarget "FullHorizontalScroll" */;
			buildPhases = (
				AC6958BA222B6983000AE356 /* Sources */,
				AC6958BB222B6983000AE356 /* Frameworks */,
				AC6958BC222B6983000AE356 /* Resources */,
			);
			buildRules = (
			);
			dependencies = (
			);
			name = FullHorizontalScroll;
			productName = FullHorizontalScroll;
			productReference = AC6958BE222B6983000AE356 /* FullHorizontalScroll.app */;
			productType = "com.apple.product-type.application";
		};
		AC6958D1222B6985000AE356 /* FullHorizontalScrollTests */ = {
			isa = PBXNativeTarget;
			buildConfigurationList = AC6958E9222B6985000AE356 /* Build configuration list for PBXNativeTarget "FullHorizontalScrollTests" */;
			buildPhases = (
				AC6958CE222B6985000AE356 /* Sources */,
				AC6958CF222B6985000AE356 /* Frameworks */,
				AC6958D0222B6985000AE356 /* Resources */,
			);
			buildRules = (
			);
			dependencies = (
				AC6958D4222B6985000AE356 /* PBXTargetDependency */,
			);
			name = FullHorizontalScrollTests;
			productName = FullHorizontalScrollTests;
			productReference = AC6958D2222B6985000AE356 /* FullHorizontalScrollTests.xctest */;
			productType = "com.apple.product-type.bundle.unit-test";
		};
		AC6958DC222B6985000AE356 /* FullHorizontalScrollUITests */ = {
			isa = PBXNativeTarget;
			buildConfigurationList = AC6958EC222B6985000AE356 /* Build configuration list for PBXNativeTarget "FullHorizontalScrollUITests" */;
			buildPhases = (
				AC6958D9222B6985000AE356 /* Sources */,
				AC6958DA222B6985000AE356 /* Frameworks */,
				AC6958DB222B6985000AE356 /* Resources */,
			);
			buildRules = (
			);
			dependencies = (
				AC6958DF222B6985000AE356 /* PBXTargetDependency */,
			);
			name = FullHorizontalScrollUITests;
			productName = FullHorizontalScrollUITests;
			productReference = AC6958DD222B6985000AE356 /* FullHorizontalScrollUITests.xctest */;
			productType = "com.apple.product-type.bundle.ui-testing";
		};
/* End PBXNativeTarget section */

/* Begin PBXProject section */
		AC6958B6222B6983000AE356 /* Project object */ = {
			isa = PBXProject;
			attributes = {
				LastSwiftUpdateCheck = 1010;
				LastUpgradeCheck = 1010;
				ORGANIZATIONNAME = "Wiro Technologies";
				TargetAttributes = {
					AC6958BD222B6983000AE356 = {
						CreatedOnToolsVersion = 10.1;
					};
					AC6958D1222B6985000AE356 = {
						CreatedOnToolsVersion = 10.1;
						TestTargetID = AC6958BD222B6983000AE356;
					};
					AC6958DC222B6985000AE356 = {
						CreatedOnToolsVersion = 10.1;
						TestTargetID = AC6958BD222B6983000AE356;
					};
				};
			};
			buildConfigurationList = AC6958B9222B6983000AE356 /* Build configuration list for PBXProject "FullHorizontalScroll" */;
			compatibilityVersion = "Xcode 9.3";
			developmentRegion = en;
			hasScannedForEncodings = 0;
			knownRegions = (
				en,
				Base,
			);
			mainGroup = AC6958B5222B6983000AE356;
			productRefGroup = AC6958BF222B6983000AE356 /* Products */;
			projectDirPath = "";
			projectRoot = "";
			targets = (
				AC6958BD222B6983000AE356 /* FullHorizontalScroll */,
				AC6958D1222B6985000AE356 /* FullHorizontalScrollTests */,
				AC6958DC222B6985000AE356 /* FullHorizontalScrollUITests */,
			);
		};
/* End PBXProject section */

/* Begin PBXResourcesBuildPhase section */
		AC6958BC222B6983000AE356 /* Resources */ = {
			isa = PBXResourcesBuildPhase;
			buildActionMask = 2147483647;
			files = (
				AC6958CC222B6985000AE356 /* LaunchScreen.storyboard in Resources */,
				AC6958C9222B6985000AE356 /* Assets.xcassets in Resources */,
				AC6958C7222B6983000AE356 /* Main.storyboard in Resources */,
			);
			runOnlyForDeploymentPostprocessing = 0;
		};
		AC6958D0222B6985000AE356 /* Resources */ = {
			isa = PBXResourcesBuildPhase;
			buildActionMask = 2147483647;
			files = (
			);
			runOnlyForDeploymentPostprocessing = 0;
		};
		AC6958DB222B6985000AE356 /* Resources */ = {
			isa = PBXResourcesBuildPhase;
			buildActionMask = 2147483647;
			files = (
			);
			runOnlyForDeploymentPostprocessing = 0;
		};
/* End PBXResourcesBuildPhase section */

/* Begin PBXSourcesBuildPhase section */
		AC6958BA222B6983000AE356 /* Sources */ = {
			isa = PBXSourcesBuildPhase;
			buildActionMask = 2147483647;
			files = (
				AC6958C4222B6983000AE356 /* ViewController.swift in Sources */,
				AC6958C2222B6983000AE356 /* AppDelegate.swift in Sources */,
			);
			runOnlyForDeploymentPostprocessing = 0;
		};
		AC6958CE222B6985000AE356 /* Sources */ = {
			isa = PBXSourcesBuildPhase;
			buildActionMask = 2147483647;
			files = (
				AC6958D7222B6985000AE356 /* FullHorizontalScrollTests.swift in Sources */,
			);
			runOnlyForDeploymentPostprocessing = 0;
		};
		AC6958D9222B6985000AE356 /* Sources */ = {
			isa = PBXSourcesBuildPhase;
			buildActionMask = 2147483647;
			files = (
				AC6958E2222B6985000AE356 /* FullHorizontalScrollUITests.swift in Sources */,
			);
			runOnlyForDeploymentPostprocessing = 0;
		};
/* End PBXSourcesBuildPhase section */

/* Begin PBXTargetDependency section */
		AC6958D4222B6985000AE356 /* PBXTargetDependency */ = {
			isa = PBXTargetDependency;
			target = AC6958BD222B6983000AE356 /* FullHorizontalScroll */;
			targetProxy = AC6958D3222B6985000AE356 /* PBXContainerItemProxy */;
		};
		AC6958DF222B6985000AE356 /* PBXTargetDependency */ = {
			isa = PBXTargetDependency;
			target = AC6958BD222B6983000AE356 /* FullHorizontalScroll */;
			targetProxy = AC6958DE222B6985000AE356 /* PBXContainerItemProxy */;
		};
/* End PBXTargetDependency section */

/* Begin PBXVariantGroup section */
		AC6958C5222B6983000AE356 /* Main.storyboard */ = {
			isa = PBXVariantGroup;
			children = (
				AC6958C6222B6983000AE356 /* Base */,
			);
			name = Main.storyboard;
			sourceTree = "<group>";
		};
		AC6958CA222B6985000AE356 /* LaunchScreen.storyboard */ = {
			isa = PBXVariantGroup;
			children = (
				AC6958CB222B6985000AE356 /* Base */,
			);
			name = LaunchScreen.storyboard;
			sourceTree = "<group>";
		};
/* End PBXVariantGroup section */

/* Begin XCBuildConfiguration section */
		AC6958E4222B6985000AE356 /* Debug */ = {
			isa = XCBuildConfiguration;
			buildSettings = {
				ALWAYS_SEARCH_USER_PATHS = NO;
				CLANG_ANALYZER_NONNULL = YES;
				CLANG_ANALYZER_NUMBER_OBJECT_CONVERSION = YES_AGGRESSIVE;
				CLANG_CXX_LANGUAGE_STANDARD = "gnu++14";
				CLANG_CXX_LIBRARY = "libc++";
				CLANG_ENABLE_MODULES = YES;
				CLANG_ENABLE_OBJC_ARC = YES;
				CLANG_ENABLE_OBJC_WEAK = YES;
				CLANG_WARN_BLOCK_CAPTURE_AUTORELEASING = YES;
				CLANG_WARN_BOOL_CONVERSION = YES;
				CLANG_WARN_COMMA = YES;
				CLANG_WARN_CONSTANT_CONVERSION = YES;
				CLANG_WARN_DEPRECATED_OBJC_IMPLEMENTATIONS = YES;
				CLANG_WARN_DIRECT_OBJC_ISA_USAGE = YES_ERROR;
				CLANG_WARN_DOCUMENTATION_COMMENTS = YES;
				CLANG_WARN_EMPTY_BODY = YES;
				CLANG_WARN_ENUM_CONVERSION = YES;
				CLANG_WARN_INFINITE_RECURSION = YES;
				CLANG_WARN_INT_CONVERSION = YES;
				CLANG_WARN_NON_LITERAL_NULL_CONVERSION = YES;
				CLANG_WARN_OBJC_IMPLICIT_RETAIN_SELF = YES;
				CLANG_WARN_OBJC_LITERAL_CONVERSION = YES;
				CLANG_WARN_OBJC_ROOT_CLASS = YES_ERROR;
				CLANG_WARN_RANGE_LOOP_ANALYSIS = YES;
				CLANG_WARN_STRICT_PROTOTYPES = YES;
				CLANG_WARN_SUSPICIOUS_MOVE = YES;
				CLANG_WARN_UNGUARDED_AVAILABILITY = YES_AGGRESSIVE;
				CLANG_WARN_UNREACHABLE_CODE = YES;
				CLANG_WARN__DUPLICATE_METHOD_MATCH = YES;
				CODE_SIGN_IDENTITY = "iPhone Developer";
				COPY_PHASE_STRIP = NO;
				DEBUG_INFORMATION_FORMAT = dwarf;
				ENABLE_STRICT_OBJC_MSGSEND = YES;
				ENABLE_TESTABILITY = YES;
				GCC_C_LANGUAGE_STANDARD = gnu11;
				GCC_DYNAMIC_NO_PIC = NO;
				GCC_NO_COMMON_BLOCKS = YES;
				GCC_OPTIMIZATION_LEVEL = 0;
				GCC_PREPROCESSOR_DEFINITIONS = (
					"DEBUG=1",
					"$(inherited)",
				);
				GCC_WARN_64_TO_32_BIT_CONVERSION = YES;
				GCC_WARN_ABOUT_RETURN_TYPE = YES_ERROR;
				GCC_WARN_UNDECLARED_SELECTOR = YES;
				GCC_WARN_UNINITIALIZED_AUTOS = YES_AGGRESSIVE;
				GCC_WARN_UNUSED_FUNCTION = YES;
				GCC_WARN_UNUSED_VARIABLE = YES;
				IPHONEOS_DEPLOYMENT_TARGET = 12.1;
				MTL_ENABLE_DEBUG_INFO = INCLUDE_SOURCE;
				MTL_FAST_MATH = YES;
				ONLY_ACTIVE_ARCH = YES;
				SDKROOT = iphoneos;
				SWIFT_ACTIVE_COMPILATION_CONDITIONS = DEBUG;
				SWIFT_OPTIMIZATION_LEVEL = "-Onone";
			};
			name = Debug;
		};
		AC6958E5222B6985000AE356 /* Release */ = {
			isa = XCBuildConfiguration;
			buildSettings = {
				ALWAYS_SEARCH_USER_PATHS = NO;
				CLANG_ANALYZER_NONNULL = YES;
				CLANG_ANALYZER_NUMBER_OBJECT_CONVERSION = YES_AGGRESSIVE;
				CLANG_CXX_LANGUAGE_STANDARD = "gnu++14";
				CLANG_CXX_LIBRARY = "libc++";
				CLANG_ENABLE_MODULES = YES;
				CLANG_ENABLE_OBJC_ARC = YES;
				CLANG_ENABLE_OBJC_WEAK = YES;
				CLANG_WARN_BLOCK_CAPTURE_AUTORELEASING = YES;
				CLANG_WARN_BOOL_CONVERSION = YES;
				CLANG_WARN_COMMA = YES;
				CLANG_WARN_CONSTANT_CONVERSION = YES;
				CLANG_WARN_DEPRECATED_OBJC_IMPLEMENTATIONS = YES;
				CLANG_WARN_DIRECT_OBJC_ISA_USAGE = YES_ERROR;
				CLANG_WARN_DOCUMENTATION_COMMENTS = YES;
				CLANG_WARN_EMPTY_BODY = YES;
				CLANG_WARN_ENUM_CONVERSION = YES;
				CLANG_WARN_INFINITE_RECURSION = YES;
				CLANG_WARN_INT_CONVERSION = YES;
				CLANG_WARN_NON_LITERAL_NULL_CONVERSION = YES;
				CLANG_WARN_OBJC_IMPLICIT_RETAIN_SELF = YES;
				CLANG_WARN_OBJC_LITERAL_CONVERSION = YES;
				CLANG_WARN_OBJC_ROOT_CLASS = YES_ERROR;
				CLANG_WARN_RANGE_LOOP_ANALYSIS = YES;
				CLANG_WARN_STRICT_PROTOTYPES = YES;
				CLANG_WARN_SUSPICIOUS_MOVE = YES;
				CLANG_WARN_UNGUARDED_AVAILABILITY = YES_AGGRESSIVE;
				CLANG_WARN_UNREACHABLE_CODE = YES;
				CLANG_WARN__DUPLICATE_METHOD_MATCH = YES;
				CODE_SIGN_IDENTITY = "iPhone Developer";
				COPY_PHASE_STRIP = NO;
				DEBUG_INFORMATION_FORMAT = "dwarf-with-dsym";
				ENABLE_NS_ASSERTIONS = NO;
				ENABLE_STRICT_OBJC_MSGSEND = YES;
				GCC_C_LANGUAGE_STANDARD = gnu11;
				GCC_NO_COMMON_BLOCKS = YES;
				GCC_WARN_64_TO_32_BIT_CONVERSION = YES;
				GCC_WARN_ABOUT_RETURN_TYPE = YES_ERROR;
				GCC_WARN_UNDECLARED_SELECTOR = YES;
				GCC_WARN_UNINITIALIZED_AUTOS = YES_AGGRESSIVE;
				GCC_WARN_UNUSED_FUNCTION = YES;
				GCC_WARN_UNUSED_VARIABLE = YES;
				IPHONEOS_DEPLOYMENT_TARGET = 12.1;
				MTL_ENABLE_DEBUG_INFO = NO;
				MTL_FAST_MATH = YES;
				SDKROOT = iphoneos;
				SWIFT_COMPILATION_MODE = wholemodule;
				SWIFT_OPTIMIZATION_LEVEL = "-O";
				VALIDATE_PRODUCT = YES;
			};
			name = Release;
		};
		AC6958E7222B6985000AE356 /* Debug */ = {
			isa = XCBuildConfiguration;
			buildSettings = {
				ASSETCATALOG_COMPILER_APPICON_NAME = AppIcon;
				CODE_SIGN_STYLE = Automatic;
				DEVELOPMENT_TEAM = 3KYB9D64M2;
				INFOPLIST_FILE = FullHorizontalScroll/Info.plist;
				LD_RUNPATH_SEARCH_PATHS = (
					"$(inherited)",
					"@executable_path/Frameworks",
				);
				PRODUCT_BUNDLE_IDENTIFIER = "Wiro-Technologies.FullHorizontalScroll";
				PRODUCT_NAME = "$(TARGET_NAME)";
				SWIFT_VERSION = 4.2;
				TARGETED_DEVICE_FAMILY = "1,2";
			};
			name = Debug;
		};
		AC6958E8222B6985000AE356 /* Release */ = {
			isa = XCBuildConfiguration;
			buildSettings = {
				ASSETCATALOG_COMPILER_APPICON_NAME = AppIcon;
				CODE_SIGN_STYLE = Automatic;
				DEVELOPMENT_TEAM = 3KYB9D64M2;
				INFOPLIST_FILE = FullHorizontalScroll/Info.plist;
				LD_RUNPATH_SEARCH_PATHS = (
					"$(inherited)",
					"@executable_path/Frameworks",
				);
				PRODUCT_BUNDLE_IDENTIFIER = "Wiro-Technologies.FullHorizontalScroll";
				PRODUCT_NAME = "$(TARGET_NAME)";
				SWIFT_VERSION = 4.2;
				TARGETED_DEVICE_FAMILY = "1,2";
			};
			name = Release;
		};
		AC6958EA222B6985000AE356 /* Debug */ = {
			isa = XCBuildConfiguration;
			buildSettings = {
				ALWAYS_EMBED_SWIFT_STANDARD_LIBRARIES = YES;
				BUNDLE_LOADER = "$(TEST_HOST)";
				CODE_SIGN_STYLE = Automatic;
				DEVELOPMENT_TEAM = 3KYB9D64M2;
				INFOPLIST_FILE = FullHorizontalScrollTests/Info.plist;
				LD_RUNPATH_SEARCH_PATHS = (
					"$(inherited)",
					"@executable_path/Frameworks",
					"@loader_path/Frameworks",
				);
				PRODUCT_BUNDLE_IDENTIFIER = "Wiro-Technologies.FullHorizontalScrollTests";
				PRODUCT_NAME = "$(TARGET_NAME)";
				SWIFT_VERSION = 4.2;
				TARGETED_DEVICE_FAMILY = "1,2";
				TEST_HOST = "$(BUILT_PRODUCTS_DIR)/FullHorizontalScroll.app/FullHorizontalScroll";
			};
			name = Debug;
		};
		AC6958EB222B6985000AE356 /* Release */ = {
			isa = XCBuildConfiguration;
			buildSettings = {
				ALWAYS_EMBED_SWIFT_STANDARD_LIBRARIES = YES;
				BUNDLE_LOADER = "$(TEST_HOST)";
				CODE_SIGN_STYLE = Automatic;
				DEVELOPMENT_TEAM = 3KYB9D64M2;
				INFOPLIST_FILE = FullHorizontalScrollTests/Info.plist;
				LD_RUNPATH_SEARCH_PATHS = (
					"$(inherited)",
					"@executable_path/Frameworks",
					"@loader_path/Frameworks",
				);
				PRODUCT_BUNDLE_IDENTIFIER = "Wiro-Technologies.FullHorizontalScrollTests";
				PRODUCT_NAME = "$(TARGET_NAME)";
				SWIFT_VERSION = 4.2;
				TARGETED_DEVICE_FAMILY = "1,2";
				TEST_HOST = "$(BUILT_PRODUCTS_DIR)/FullHorizontalScroll.app/FullHorizontalScroll";
			};
			name = Release;
		};
		AC6958ED222B6985000AE356 /* Debug */ = {
			isa = XCBuildConfiguration;
			buildSettings = {
				ALWAYS_EMBED_SWIFT_STANDARD_LIBRARIES = YES;
				CODE_SIGN_STYLE = Automatic;
				DEVELOPMENT_TEAM = 3KYB9D64M2;
				INFOPLIST_FILE = FullHorizontalScrollUITests/Info.plist;
				LD_RUNPATH_SEARCH_PATHS = (
					"$(inherited)",
					"@executable_path/Frameworks",
					"@loader_path/Frameworks",
				);
				PRODUCT_BUNDLE_IDENTIFIER = "Wiro-Technologies.FullHorizontalScrollUITests";
				PRODUCT_NAME = "$(TARGET_NAME)";
				SWIFT_VERSION = 4.2;
				TARGETED_DEVICE_FAMILY = "1,2";
				TEST_TARGET_NAME = FullHorizontalScroll;
			};
			name = Debug;
		};
		AC6958EE222B6985000AE356 /* Release */ = {
			isa = XCBuildConfiguration;
			buildSettings = {
				ALWAYS_EMBED_SWIFT_STANDARD_LIBRARIES = YES;
				CODE_SIGN_STYLE = Automatic;
				DEVELOPMENT_TEAM = 3KYB9D64M2;
				INFOPLIST_FILE = FullHorizontalScrollUITests/Info.plist;
				LD_RUNPATH_SEARCH_PATHS = (
					"$(inherited)",
					"@executable_path/Frameworks",
					"@loader_path/Frameworks",
				);
				PRODUCT_BUNDLE_IDENTIFIER = "Wiro-Technologies.FullHorizontalScrollUITests";
				PRODUCT_NAME = "$(TARGET_NAME)";
				SWIFT_VERSION = 4.2;
				TARGETED_DEVICE_FAMILY = "1,2";
				TEST_TARGET_NAME = FullHorizontalScroll;
			};
			name = Release;
		};
/* End XCBuildConfiguration section */

/* Begin XCConfigurationList section */
		AC6958B9222B6983000AE356 /* Build configuration list for PBXProject "FullHorizontalScroll" */ = {
			isa = XCConfigurationList;
			buildConfigurations = (
				AC6958E4222B6985000AE356 /* Debug */,
				AC6958E5222B6985000AE356 /* Release */,
			);
			defaultConfigurationIsVisible = 0;
			defaultConfigurationName = Release;
		};
		AC6958E6222B6985000AE356 /* Build configuration list for PBXNativeTarget "FullHorizontalScroll" */ = {
			isa = XCConfigurationList;
			buildConfigurations = (
				AC6958E7222B6985000AE356 /* Debug */,
				AC6958E8222B6985000AE356 /* Release */,
			);
			defaultConfigurationIsVisible = 0;
			defaultConfigurationName = Release;
		};
		AC6958E9222B6985000AE356 /* Build configuration list for PBXNativeTarget "FullHorizontalScrollTests" */ = {
			isa = XCConfigurationList;
			buildConfigurations = (
				AC6958EA222B6985000AE356 /* Debug */,
				AC6958EB222B6985000AE356 /* Release */,
			);
			defaultConfigurationIsVisible = 0;
			defaultConfigurationName = Release;
		};
		AC6958EC222B6985000AE356 /* Build configuration list for PBXNativeTarget "FullHorizontalScrollUITests" */ = {
			isa = XCConfigurationList;
			buildConfigurations = (
				AC6958ED222B6985000AE356 /* Debug */,
				AC6958EE222B6985000AE356 /* Release */,
			);
			defaultConfigurationIsVisible = 0;
			defaultConfigurationName = Release;
		};
/* End XCConfigurationList section */
	};
	rootObject = AC6958B6222B6983000AE356 /* Project object */;
}
